{
    "_readme": [
        "This file locks the dependencies of your project to a known state",
        "Read more about it at https://getcomposer.org/doc/01-basic-usage.md#installing-dependencies",
        "This file is @generated automatically"
    ],
    "content-hash": "6626d9fc0538f6a7ca5cae854d038da6",
    "packages": [
        {
            "name": "johnbillion/args",
            "version": "2.2.2",
            "source": {
                "type": "git",
                "url": "https://github.com/johnbillion/args.git",
                "reference": "d13fe0c5388f66cfa9310a1940625c27347c38d9"
            },
            "dist": {
                "type": "zip",
                "url": "https://api.github.com/repos/johnbillion/args/zipball/d13fe0c5388f66cfa9310a1940625c27347c38d9",
                "reference": "d13fe0c5388f66cfa9310a1940625c27347c38d9",
                "shasum": ""
            },
            "require": {
                "php": ">=8.0"
            },
            "require-dev": {
                "ergebnis/json-printer": "3.7.0",
                "humanmade/coding-standards": "1.2.1",
                "johnbillion/falsey-assertequals-detector": "^3",
                "phpdocumentor/reflection": "~4.0 || ~5.0",
                "phpstan/phpstan": "1.12.12",
                "phpstan/phpstan-phpunit": "1.4.1",
                "phpstan/phpstan-strict-rules": "1.6.1",
                "phpunit/phpunit": "^9.0",
                "roots/wordpress-core-installer": "1.100.0",
                "roots/wordpress-full": "6.8",
                "szepeviktor/phpstan-wordpress": "1.3.5"
            },
            "type": "library",
            "extra": {
                "args-shapes": [
                    {
                        "file": "vendor/wordpress/wordpress/wp-includes/category.php",
                        "param": "args",
                        "function": "\\get_categories()"
                    },
                    {
                        "file": "vendor/wordpress/wordpress/wp-includes/comment.php",
                        "param": "args",
                        "function": "\\get_comments()"
                    },
                    {
                        "file": "vendor/wordpress/wordpress/wp-includes/post.php",
                        "param": "args",
                        "function": "\\get_posts()"
                    },
                    {
                        "file": "vendor/wordpress/wordpress/wp-includes/category.php",
                        "param": "args",
                        "function": "\\get_tags()"
                    },
                    {
                        "file": "vendor/wordpress/wordpress/wp-includes/taxonomy.php",
                        "param": "args",
                        "function": "\\get_terms()"
                    },
                    {
                        "file": "vendor/wordpress/wordpress/wp-includes/user.php",
                        "param": "args",
                        "function": "\\get_users()"
                    },
                    {
                        "file": "vendor/wordpress/wordpress/wp-includes/general-template.php",
                        "param": "args",
                        "function": "\\paginate_links()"
                    },
                    {
                        "file": "vendor/wordpress/wordpress/wp-includes/blocks.php",
                        "param": "args",
                        "function": "\\register_block_type()"
                    },
                    {
                        "file": "vendor/wordpress/wordpress/wp-includes/meta.php",
                        "param": "args",
                        "function": "\\register_meta()"
                    },
                    {
                        "file": "vendor/wordpress/wordpress/wp-includes/post.php",
                        "param": "args",
                        "function": "\\register_post_meta()"
                    },
                    {
                        "file": "vendor/wordpress/wordpress/wp-includes/post.php",
                        "param": "args",
                        "function": "\\register_post_status()"
                    },
                    {
                        "file": "vendor/wordpress/wordpress/wp-includes/post.php",
                        "param": "args",
                        "function": "\\register_post_type()"
                    },
                    {
                        "file": "vendor/wordpress/wordpress/wp-includes/rest-api.php",
                        "param": "args",
                        "function": "\\register_rest_field()"
                    },
                    {
                        "file": "vendor/wordpress/wordpress/wp-includes/option.php",
                        "param": "args",
                        "function": "\\register_setting()"
                    },
                    {
                        "file": "vendor/wordpress/wordpress/wp-includes/taxonomy.php",
                        "param": "args",
                        "function": "\\register_taxonomy()"
                    },
                    {
                        "file": "vendor/wordpress/wordpress/wp-includes/taxonomy.php",
                        "param": "args",
                        "function": "\\register_term_meta()"
                    },
                    {
                        "file": "vendor/wordpress/wordpress/wp-includes/taxonomy.php",
                        "param": "args",
                        "function": "\\wp_count_terms()"
                    },
                    {
                        "file": "vendor/wordpress/wordpress/wp-includes/functions.php",
                        "param": "args",
                        "function": "\\wp_die()"
                    },
                    {
                        "file": "vendor/wordpress/wordpress/wp-includes/category-template.php",
                        "param": "args",
                        "function": "\\wp_dropdown_categories()"
                    },
                    {
                        "file": "vendor/wordpress/wordpress/wp-includes/l10n.php",
                        "param": "args",
                        "function": "\\wp_dropdown_languages()"
                    },
                    {
                        "file": "vendor/wordpress/wordpress/wp-includes/category-template.php",
                        "param": "args",
                        "function": "\\wp_generate_tag_cloud()"
                    },
                    {
                        "file": "vendor/wordpress/wordpress/wp-includes/nav-menu.php",
                        "param": "args",
                        "function": "\\wp_get_nav_menus()"
                    },
                    {
                        "file": "vendor/wordpress/wordpress/wp-includes/taxonomy.php",
                        "param": "args",
                        "function": "\\wp_get_object_terms()"
                    },
                    {
                        "file": "vendor/wordpress/wordpress/wp-includes/post.php",
                        "param": "postarr",
                        "function": "\\wp_insert_post()"
                    },
                    {
                        "file": "vendor/wordpress/wordpress/wp-includes/taxonomy.php",
                        "param": "args",
                        "function": "\\wp_insert_term()"
                    },
                    {
                        "file": "vendor/wordpress/wordpress/wp-includes/user.php",
                        "param": "userdata",
                        "function": "\\wp_insert_user()"
                    },
                    {
                        "file": "vendor/wordpress/wordpress/wp-includes/nav-menu-template.php",
                        "param": "args",
                        "function": "\\wp_nav_menu()"
                    },
                    {
                        "file": "vendor/wordpress/wordpress/wp-includes/http.php",
                        "param": "args",
                        "function": "\\wp_remote_get()"
                    },
                    {
                        "file": "vendor/wordpress/wordpress/wp-includes/http.php",
                        "param": "args",
                        "function": "\\wp_remote_head()"
                    },
                    {
                        "file": "vendor/wordpress/wordpress/wp-includes/http.php",
                        "param": "args",
                        "function": "\\wp_remote_post()"
                    },
                    {
                        "file": "vendor/wordpress/wordpress/wp-includes/http.php",
                        "param": "args",
                        "function": "\\wp_remote_request()"
                    },
                    {
                        "file": "vendor/wordpress/wordpress/wp-includes/http.php",
                        "param": "args",
                        "function": "\\wp_safe_remote_get()"
                    },
                    {
                        "file": "vendor/wordpress/wordpress/wp-includes/http.php",
                        "param": "args",
                        "function": "\\wp_safe_remote_head()"
                    },
                    {
                        "file": "vendor/wordpress/wordpress/wp-includes/http.php",
                        "param": "args",
                        "function": "\\wp_safe_remote_post()"
                    },
                    {
                        "file": "vendor/wordpress/wordpress/wp-includes/http.php",
                        "param": "args",
                        "function": "\\wp_safe_remote_request()"
                    },
                    {
                        "file": "vendor/wordpress/wordpress/wp-includes/post.php",
                        "param": "postarr",
                        "function": "\\wp_update_post()"
                    },
                    {
                        "file": "vendor/wordpress/wordpress/wp-includes/taxonomy.php",
                        "param": "args",
                        "function": "\\wp_update_term()"
                    },
                    {
                        "file": "vendor/wordpress/wordpress/wp-includes/user.php",
                        "param": "userdata",
                        "function": "\\wp_update_user()"
                    },
                    {
                        "file": "vendor/wordpress/wordpress/wp-includes/class-wp-block-type.php",
                        "param": "args",
                        "method": "\\WP_Block_Type::__construct()"
                    },
                    {
                        "file": "vendor/wordpress/wordpress/wp-includes/class-wp-comment-query.php",
                        "param": "query",
                        "method": "\\WP_Comment_Query::__construct()"
                    },
                    {
                        "file": "vendor/wordpress/wordpress/wp-includes/class-wp-customize-control.php",
                        "param": "args",
                        "method": "\\WP_Customize_Control::__construct()"
                    },
                    {
                        "file": "vendor/wordpress/wordpress/wp-includes/class-wp-customize-manager.php",
                        "param": "args",
                        "method": "\\WP_Customize_Manager::__construct()"
                    },
                    {
                        "file": "vendor/wordpress/wordpress/wp-includes/class-wp-customize-panel.php",
                        "param": "args",
                        "method": "\\WP_Customize_Panel::__construct()"
                    },
                    {
                        "file": "vendor/wordpress/wordpress/wp-includes/class-wp-customize-section.php",
                        "param": "args",
                        "method": "\\WP_Customize_Section::__construct()"
                    },
                    {
                        "file": "vendor/wordpress/wordpress/wp-includes/class-wp-customize-setting.php",
                        "param": "args",
                        "method": "\\WP_Customize_Setting::__construct()"
                    },
                    {
                        "file": "vendor/wordpress/wordpress/wp-includes/class-wp-http.php",
                        "param": "args",
                        "method": "\\WP_Http::request()"
                    },
                    {
                        "file": "vendor/wordpress/wordpress/wp-includes/class-wp-query.php",
                        "param": "query",
                        "method": "\\WP_Query::parse_query()"
                    },
                    {
                        "file": "vendor/wordpress/wordpress/wp-includes/class-wp-term-query.php",
                        "param": "query",
                        "method": "\\WP_Term_Query::__construct()"
                    },
                    {
                        "file": "vendor/wordpress/wordpress/wp-includes/class-wp-user-query.php",
                        "param": "query",
                        "method": "\\WP_User_Query::prepare_query()"
                    }
                ],
                "wordpress-install-dir": "vendor/wordpress/wordpress"
            },
            "autoload": {
                "psr-4": {
                    "Args\\": "src/"
                }
            },
            "notification-url": "https://packagist.org/downloads/",
            "license": [
                "GPL-2.0-or-later"
            ],
            "authors": [
                {
                    "name": "John Blackbourn",
                    "homepage": "https://johnblackbourn.com/"
                }
            ],
            "description": "I don't want to get into an argument about this.",
            "support": {
                "issues": "https://github.com/johnbillion/args/issues",
                "source": "https://github.com/johnbillion/args/tree/2.2.2"
            },
            "funding": [
                {
                    "url": "https://github.com/sponsors/johnbillion",
                    "type": "github"
                }
            ],
            "time": "2025-04-16T18:09:01+00:00"
        },
        {
            "name": "johnbillion/extended-cpts",
            "version": "5.1.0",
            "source": {
                "type": "git",
                "url": "https://github.com/johnbillion/extended-cpts.git",
                "reference": "20b7e9773b60f7301cd59ee520affa0ff63f90e6"
            },
            "dist": {
                "type": "zip",
                "url": "https://api.github.com/repos/johnbillion/extended-cpts/zipball/20b7e9773b60f7301cd59ee520affa0ff63f90e6",
                "reference": "20b7e9773b60f7301cd59ee520affa0ff63f90e6",
                "shasum": ""
            },
            "require": {
                "johnbillion/args": "^1.4.1 || ^2.0",
                "php": ">= 7.4.0"
            },
            "require-dev": {
                "automattic/phpcs-neutron-standard": "1.7.0",
                "behat/gherkin": "< 4.13.0",
                "dealerdirect/phpcodesniffer-composer-installer": "^0.7",
                "johnbillion/falsey-assertequals-detector": "*",
                "johnbillion/plugin-infrastructure": "dev-trunk",
                "johnbillion/wp-compat": "0.3.1",
                "lucatume/wp-browser": "3.2.3",
                "phpcompatibility/phpcompatibility-wp": "2.1.5",
                "phpstan/phpstan": "1.12.12",
                "phpstan/phpstan-phpunit": "1.4.1",
                "roots/wordpress-core-installer": "1.100.0",
                "roots/wordpress-full": "*",
                "szepeviktor/phpstan-wordpress": "1.3.5",
                "wp-coding-standards/wpcs": "2.3.0"
            },
            "type": "library",
            "extra": {
                "wordpress-install-dir": "vendor/wordpress/wordpress"
            },
            "autoload": {
                "files": [
                    "functions.php"
                ],
                "psr-4": {
                    "ExtCPTs\\": "src"
                }
            },
            "notification-url": "https://packagist.org/downloads/",
            "license": [
                "GPL-2.0-or-later"
            ],
            "authors": [
                {
                    "name": "John Blackbourn",
                    "homepage": "https://johnblackbourn.com/"
                }
            ],
            "description": "A library which provides extended functionality to WordPress custom post types and taxonomies.",
            "homepage": "https://github.com/johnbillion/extended-cpts/",
            "support": {
                "issues": "https://github.com/johnbillion/extended-cpts/issues",
                "source": "https://github.com/johnbillion/extended-cpts/tree/5.1.0"
            },
            "time": "2025-06-18T21:18:03+00:00"
        },
        {
            "name": "log1x/crumb",
            "version": "v1.1.5",
            "source": {
                "type": "git",
                "url": "https://github.com/Log1x/crumb.git",
                "reference": "10faf86060867678514f94be1b4160fc03969cc9"
            },
            "dist": {
                "type": "zip",
                "url": "https://api.github.com/repos/Log1x/crumb/zipball/10faf86060867678514f94be1b4160fc03969cc9",
                "reference": "10faf86060867678514f94be1b4160fc03969cc9",
                "shasum": ""
            },
            "require": {
                "php": ">=7.3"
            },
            "require-dev": {
                "squizlabs/php_codesniffer": "^3.5"
            },
            "type": "package",
            "extra": {
                "acorn": {
                    "aliases": {
                        "Crumb": "Log1x\\Crumb\\Facades\\Crumb"
                    },
                    "providers": [
                        "Log1x\\Crumb\\CrumbServiceProvider"
                    ]
                }
            },
            "autoload": {
                "psr-4": {
                    "Log1x\\Crumb\\": "src/"
                }
            },
            "notification-url": "https://packagist.org/downloads/",
            "license": [
                "MIT"
            ],
            "authors": [
                {
                    "name": "Brandon Nifong",
                    "email": "brandon@tendency.me"
                }
            ],
            "description": "A simple WordPress breadcrumb for Sage 10.",
            "keywords": [
                "breadcrumb",
                "roots",
                "sage",
                "wordpress"
            ],
            "support": {
                "issues": "https://github.com/log1x/crumb/issues",
                "source": "https://github.com/Log1x/crumb/tree/v1.1.5"
            },
            "funding": [
                {
                    "url": "https://github.com/Log1x",
                    "type": "github"
                }
            ],
            "time": "2023-11-16T23:55:42+00:00"
        },
        {
            "name": "log1x/navi",
            "version": "v3.1.1",
            "source": {
                "type": "git",
                "url": "https://github.com/Log1x/navi.git",
                "reference": "97fa923a1eb1aa92d17984117b8e0f56a0a818ab"
            },
            "dist": {
                "type": "zip",
                "url": "https://api.github.com/repos/Log1x/navi/zipball/97fa923a1eb1aa92d17984117b8e0f56a0a818ab",
                "reference": "97fa923a1eb1aa92d17984117b8e0f56a0a818ab",
                "shasum": ""
            },
            "require": {
                "php": "^8.0"
            },
            "require-dev": {
                "laravel/pint": "^1.14",
                "roots/acorn": "^4.3"
            },
            "type": "package",
            "extra": {
                "acorn": {
                    "aliases": {
                        "Navi": "Log1x\\Navi\\Facades\\Navi"
                    },
                    "providers": [
                        "Log1x\\Navi\\Providers\\NaviServiceProvider"
                    ]
                }
            },
            "autoload": {
                "psr-4": {
                    "Log1x\\Navi\\": "src/"
                }
            },
            "notification-url": "https://packagist.org/downloads/",
            "license": [
                "MIT"
            ],
            "authors": [
                {
                    "name": "Brandon Nifong",
                    "email": "brandon@tendency.me"
                }
            ],
            "description": "A developer-friendly alternative to the WordPress NavWalker.",
            "keywords": [
                "navwalker",
                "wordpress",
                "wordpress-plugin"
            ],
            "support": {
                "issues": "https://github.com/log1x/navi/issues",
                "source": "https://github.com/Log1x/navi/tree/v3.1.1"
            },
            "funding": [
                {
                    "url": "https://github.com/Log1x",
                    "type": "github"
                }
            ],
            "time": "2024-10-21T23:10:14+00:00"
        },
        {
            "name": "log1x/poet",
            "version": "v2.1.0",
            "source": {
                "type": "git",
                "url": "https://github.com/Log1x/poet.git",
                "reference": "537649337e6a628991cf10effde1d9e34fbe3a27"
            },
            "dist": {
                "type": "zip",
                "url": "https://api.github.com/repos/Log1x/poet/zipball/537649337e6a628991cf10effde1d9e34fbe3a27",
                "reference": "537649337e6a628991cf10effde1d9e34fbe3a27",
                "shasum": ""
            },
            "require": {
                "johnbillion/extended-cpts": "^5.0",
                "php": "^7.4|^8.0"
            },
            "require-dev": {
                "squizlabs/php_codesniffer": "^3.5"
            },
            "type": "package",
            "extra": {
                "acorn": {
                    "providers": [
                        "Log1x\\Poet\\PoetServiceProvider"
                    ]
                }
            },
            "autoload": {
                "psr-4": {
                    "Log1x\\Poet\\": "src/"
                }
            },
            "notification-url": "https://packagist.org/downloads/",
            "license": [
                "MIT"
            ],
            "authors": [
                {
                    "name": "Brandon Nifong",
                    "email": "brandon@tendency.me"
                }
            ],
            "description": "Configuration-based post type, taxonomy, editor color palette, block category, and block registration for Sage 10.",
            "keywords": [
                "cpt",
                "gutenberg",
                "wordpress"
            ],
            "support": {
                "issues": "https://github.com/log1x/poet/issues",
                "source": "https://github.com/Log1x/poet/tree/v2.1.0"
            },
            "funding": [
                {
                    "url": "https://github.com/Log1x",
                    "type": "github"
                }
            ],
            "time": "2024-06-05T23:34:45+00:00"
        },
        {
            "name": "log1x/sage-svg",
            "version": "v1.1.2",
            "source": {
                "type": "git",
                "url": "https://github.com/Log1x/sage-svg.git",
                "reference": "c04ac4f8adf8ecf4f04784d79b2f3cd0b98dc82d"
            },
            "dist": {
                "type": "zip",
                "url": "https://api.github.com/repos/Log1x/sage-svg/zipball/c04ac4f8adf8ecf4f04784d79b2f3cd0b98dc82d",
                "reference": "c04ac4f8adf8ecf4f04784d79b2f3cd0b98dc82d",
                "shasum": ""
            },
            "require": {
                "php": "^7.4|^8.0"
            },
            "require-dev": {
                "squizlabs/php_codesniffer": "^3.5"
            },
            "type": "package",
            "extra": {
                "acorn": {
                    "providers": [
                        "Log1x\\SageSvg\\SageSvgServiceProvider"
                    ]
                }
            },
            "autoload": {
                "files": [
                    "src/helpers.php"
                ],
                "psr-4": {
                    "Log1x\\SageSvg\\": "src/"
                }
            },
            "notification-url": "https://packagist.org/downloads/",
            "license": [
                "MIT"
            ],
            "authors": [
                {
                    "name": "Brandon Nifong",
                    "email": "brandon@tendency.me"
                }
            ],
            "description": "A simple package for using inline SVGs in Sage 10 projects.",
            "keywords": [
                "sage",
                "svg",
                "wordpress"
            ],
            "support": {
                "issues": "https://github.com/log1x/sage-svg/issues",
                "source": "https://github.com/Log1x/sage-svg/tree/v1.1.2"
            },
            "funding": [
                {
                    "url": "https://github.com/Log1x",
                    "type": "github"
                }
            ],
            "time": "2023-11-16T23:08:10+00:00"
        },
        {
            "name": "roots/soil",
            "version": "4.1.1",
            "source": {
                "type": "git",
                "url": "https://github.com/roots/soil.git",
                "reference": "e8e15c29f01414f86610445be8f7274b8b9a73b8"
            },
            "dist": {
                "type": "zip",
                "url": "https://api.github.com/repos/roots/soil/zipball/e8e15c29f01414f86610445be8f7274b8b9a73b8",
                "reference": "e8e15c29f01414f86610445be8f7274b8b9a73b8",
                "shasum": ""
            },
            "require": {
                "php": ">=5.6.0"
            },
            "require-dev": {
                "brain/monkey": "^2.5",
                "dealerdirect/phpcodesniffer-composer-installer": "^0.7.0",
                "mockery/mockery": "^1.3 | ^1.4",
                "phpcompatibility/php-compatibility": "^9.3",
                "phpunit/phpunit": "<= 9.3",
                "squizlabs/php_codesniffer": "^3.5",
                "wp-coding-standards/wpcs": "^2.3"
            },
            "type": "wordpress-plugin",
            "autoload": {
                "files": [
                    "src/helpers.php"
                ],
                "psr-4": {
                    "Roots\\Soil\\": "src/"
                }
            },
            "notification-url": "https://packagist.org/downloads/",
            "license": [
                "MIT"
            ],
            "authors": [
                {
                    "name": "Ben Word",
                    "email": "ben@benword.com",
                    "homepage": "https://github.com/retlehs"
                },
                {
                    "name": "Scott Walkinshaw",
                    "email": "scott.walkinshaw@gmail.com",
                    "homepage": "https://github.com/swalkinshaw"
                },
                {
                    "name": "QWp6t",
                    "email": "craig@roots.io",
                    "homepage": "https://github.com/qwp6t"
                }
            ],
            "description": "A WordPress plugin which contains a collection of modules to apply theme-agnostic front-end modifications",
            "homepage": "https://roots.io/plugins/soil/",
            "keywords": [
                "wordpress"
            ],
            "support": {
                "forum": "https://discourse.roots.io/",
                "issues": "https://github.com/roots/soil/issues",
                "source": "https://github.com/roots/soil/tree/4.1.1"
            },
            "funding": [
                {
                    "url": "https://roots.io/plugins/soil/",
                    "type": "custom"
                },
                {
                    "url": "https://www.patreon.com/rootsdev",
                    "type": "patreon"
                }
            ],
            "abandoned": "roots/acorn-prettify",
            "time": "2022-08-01T17:32:31+00:00"
        }
    ],
    "packages-dev": [
        {
            "name": "squizlabs/php_codesniffer",
            "version": "3.7.2",
            "source": {
                "type": "git",
                "url": "https://github.com/PHPCSStandards/PHP_CodeSniffer.git",
                "reference": "ed8e00df0a83aa96acf703f8c2979ff33341f879"
            },
            "dist": {
                "type": "zip",
                "url": "https://api.github.com/repos/PHPCSStandards/PHP_CodeSniffer/zipball/ed8e00df0a83aa96acf703f8c2979ff33341f879",
                "reference": "ed8e00df0a83aa96acf703f8c2979ff33341f879",
                "shasum": ""
            },
            "require": {
                "ext-simplexml": "*",
                "ext-tokenizer": "*",
                "ext-xmlwriter": "*",
                "php": ">=5.4.0"
            },
            "require-dev": {
                "phpunit/phpunit": "^4.0 || ^5.0 || ^6.0 || ^7.0"
            },
            "bin": [
                "bin/phpcs",
                "bin/phpcbf"
            ],
            "type": "library",
            "extra": {
                "branch-alias": {
                    "dev-master": "3.x-dev"
                }
            },
            "notification-url": "https://packagist.org/downloads/",
            "license": [
                "BSD-3-Clause"
            ],
            "authors": [
                {
                    "name": "Greg Sherwood",
                    "role": "lead"
                }
            ],
            "description": "PHP_CodeSniffer tokenizes PHP, JavaScript and CSS files and detects violations of a defined set of coding standards.",
            "homepage": "https://github.com/squizlabs/PHP_CodeSniffer",
            "keywords": [
                "phpcs",
                "standards",
                "static analysis"
            ],
            "support": {
                "issues": "https://github.com/squizlabs/PHP_CodeSniffer/issues",
                "source": "https://github.com/squizlabs/PHP_CodeSniffer",
                "wiki": "https://github.com/squizlabs/PHP_CodeSniffer/wiki"
            },
            "funding": [
                {
                    "url": "https://github.com/PHPCSStandards",
                    "type": "github"
                },
                {
                    "url": "https://github.com/jrfnl",
                    "type": "github"
                },
                {
                    "url": "https://opencollective.com/php_codesniffer",
                    "type": "open_collective"
                }
            ],
            "time": "2023-02-22T23:07:41+00:00"
        },
        {
            "name": "symfony/deprecation-contracts",
            "version": "v3.6.0",
            "source": {
                "type": "git",
                "url": "https://github.com/symfony/deprecation-contracts.git",
                "reference": "63afe740e99a13ba87ec199bb07bbdee937a5b62"
            },
            "dist": {
                "type": "zip",
                "url": "https://api.github.com/repos/symfony/deprecation-contracts/zipball/63afe740e99a13ba87ec199bb07bbdee937a5b62",
                "reference": "63afe740e99a13ba87ec199bb07bbdee937a5b62",
                "shasum": ""
            },
            "require": {
                "php": ">=8.1"
            },
            "type": "library",
            "extra": {
                "thanks": {
                    "url": "https://github.com/symfony/contracts",
                    "name": "symfony/contracts"
                },
                "branch-alias": {
                    "dev-main": "3.6-dev"
                }
            },
            "autoload": {
                "files": [
                    "function.php"
                ]
            },
            "notification-url": "https://packagist.org/downloads/",
            "license": [
                "MIT"
            ],
            "authors": [
                {
                    "name": "Nicolas Grekas",
                    "email": "p@tchwork.com"
                },
                {
                    "name": "Symfony Community",
                    "homepage": "https://symfony.com/contributors"
                }
            ],
            "description": "A generic function and convention to trigger deprecation notices",
            "homepage": "https://symfony.com",
            "support": {
                "source": "https://github.com/symfony/deprecation-contracts/tree/v3.6.0"
            },
            "funding": [
                {
                    "url": "https://symfony.com/sponsor",
                    "type": "custom"
                },
                {
                    "url": "https://github.com/fabpot",
                    "type": "github"
                },
                {
                    "url": "https://tidelift.com/funding/github/packagist/symfony/symfony",
                    "type": "tidelift"
                }
            ],
            "time": "2024-09-25T14:21:43+00:00"
        },
        {
            "name": "symfony/polyfill-mbstring",
            "version": "v1.33.0",
            "source": {
                "type": "git",
                "url": "https://github.com/symfony/polyfill-mbstring.git",
                "reference": "6d857f4d76bd4b343eac26d6b539585d2bc56493"
            },
            "dist": {
                "type": "zip",
                "url": "https://api.github.com/repos/symfony/polyfill-mbstring/zipball/6d857f4d76bd4b343eac26d6b539585d2bc56493",
                "reference": "6d857f4d76bd4b343eac26d6b539585d2bc56493",
                "shasum": ""
            },
            "require": {
                "ext-iconv": "*",
                "php": ">=7.2"
            },
            "provide": {
                "ext-mbstring": "*"
            },
            "suggest": {
                "ext-mbstring": "For best performance"
            },
            "type": "library",
            "extra": {
                "thanks": {
                    "url": "https://github.com/symfony/polyfill",
                    "name": "symfony/polyfill"
                }
            },
            "autoload": {
                "files": [
                    "bootstrap.php"
                ],
                "psr-4": {
                    "Symfony\\Polyfill\\Mbstring\\": ""
                }
            },
            "notification-url": "https://packagist.org/downloads/",
            "license": [
                "MIT"
            ],
            "authors": [
                {
                    "name": "Nicolas Grekas",
                    "email": "p@tchwork.com"
                },
                {
                    "name": "Symfony Community",
                    "homepage": "https://symfony.com/contributors"
                }
            ],
            "description": "Symfony polyfill for the Mbstring extension",
            "homepage": "https://symfony.com",
            "keywords": [
                "compatibility",
                "mbstring",
                "polyfill",
                "portable",
                "shim"
            ],
            "support": {
                "source": "https://github.com/symfony/polyfill-mbstring/tree/v1.33.0"
            },
            "funding": [
                {
                    "url": "https://symfony.com/sponsor",
                    "type": "custom"
                },
                {
                    "url": "https://github.com/fabpot",
                    "type": "github"
                },
                {
                    "url": "https://github.com/nicolas-grekas",
                    "type": "github"
                },
                {
                    "url": "https://tidelift.com/funding/github/packagist/symfony/symfony",
                    "type": "tidelift"
                }
            ],
            "time": "2024-12-23T08:48:59+00:00"
        },
        {
            "name": "symfony/var-dumper",
            "version": "v6.4.26",
            "source": {
                "type": "git",
                "url": "https://github.com/symfony/var-dumper.git",
                "reference": "cfae1497a2f1eaad78dbc0590311c599c7178d4a"
            },
            "dist": {
                "type": "zip",
                "url": "https://api.github.com/repos/symfony/var-dumper/zipball/cfae1497a2f1eaad78dbc0590311c599c7178d4a",
                "reference": "cfae1497a2f1eaad78dbc0590311c599c7178d4a",
                "shasum": ""
            },
            "require": {
                "php": ">=8.1",
                "symfony/deprecation-contracts": "^2.5|^3",
                "symfony/polyfill-mbstring": "~1.0"
            },
            "conflict": {
                "symfony/console": "<5.4"
            },
            "require-dev": {
                "symfony/console": "^5.4|^6.0|^7.0",
                "symfony/error-handler": "^6.3|^7.0",
                "symfony/http-kernel": "^5.4|^6.0|^7.0",
                "symfony/process": "^5.4|^6.0|^7.0",
                "symfony/uid": "^5.4|^6.0|^7.0",
                "twig/twig": "^2.13|^3.0.4"
            },
            "bin": [
                "Resources/bin/var-dump-server"
            ],
            "type": "library",
            "autoload": {
                "files": [
                    "Resources/functions/dump.php"
                ],
                "psr-4": {
                    "Symfony\\Component\\VarDumper\\": ""
                },
                "exclude-from-classmap": [
                    "/Tests/"
                ]
            },
            "notification-url": "https://packagist.org/downloads/",
            "license": [
                "MIT"
            ],
            "authors": [
                {
                    "name": "Nicolas Grekas",
                    "email": "p@tchwork.com"
                },
                {
                    "name": "Symfony Community",
                    "homepage": "https://symfony.com/contributors"
                }
            ],
            "description": "Provides mechanisms for walking through any arbitrary PHP variable",
            "homepage": "https://symfony.com",
            "keywords": [
                "debug",
                "dump"
            ],
            "support": {
                "source": "https://github.com/symfony/var-dumper/tree/v6.4.26"
            },
            "funding": [
                {
                    "url": "https://symfony.com/sponsor",
                    "type": "custom"
                },
                {
                    "url": "https://github.com/fabpot",
                    "type": "github"
                },
                {
                    "url": "https://github.com/nicolas-grekas",
                    "type": "github"
                },
                {
                    "url": "https://tidelift.com/funding/github/packagist/symfony/symfony",
                    "type": "tidelift"
                }
            ],
            "time": "2025-09-25T15:37:27+00:00"
        }
    ],
    "aliases": [],
    "minimum-stability": "dev",
    "stability-flags": {},
    "prefer-stable": true,
    "prefer-lowest": false,
    "platform": {
        "php": "^8.0"
    },
    "platform-dev": {},
    "plugin-api-version": "2.6.0"
}
